
Microsoft Visual Studio Solution File, Format Version 12.00
# Visual Studio Version 17
VisualStudioVersion = 17.9.34714.143
MinimumVisualStudioVersion = 10.0.40219.1
Project("{FAE04EC0-301F-11D3-BF4B-00C04F79EFBC}") = "IS215Project.Server", "IS215Project.Server\IS215Project.Server.csproj", "{F5D3933C-3943-476B-80E8-EDC376A56DAA}"
EndProject
Project("{54A90642-561A-4BB1-A94E-469ADEE60C69}") = "is215project.client", "is215project.client\is215project.client.esproj", "{D877FE78-C11B-4AB5-947B-AAA9F99692AE}"
EndProject
Global
	GlobalSection(SolutionConfigurationPlatforms) = preSolution
		Debug|Any CPU = Debug|Any CPU
		Release|Any CPU = Release|Any CPU
	EndGlobalSection
	GlobalSection(ProjectConfigurationPlatforms) = postSolution
		{F5D3933C-3943-476B-80E8-EDC376A56DAA}.Debug|Any CPU.ActiveCfg = Debug|Any CPU
		{F5D3933C-3943-476B-80E8-EDC376A56DAA}.Debug|Any CPU.Build.0 = Debug|Any CPU
		{F5D3933C-3943-476B-80E8-EDC376A56DAA}.Release|Any CPU.ActiveCfg = Release|Any CPU
		{F5D3933C-3943-476B-80E8-EDC376A56DAA}.Release|Any CPU.Build.0 = Release|Any CPU
		{D877FE78-C11B-4AB5-947B-AAA9F99692AE}.Debug|Any CPU.ActiveCfg = Debug|Any CPU
		{D877FE78-C11B-4AB5-947B-AAA9F99692AE}.Debug|Any CPU.Build.0 = Debug|Any CPU
		{D877FE78-C11B-4AB5-947B-AAA9F99692AE}.Debug|Any CPU.Deploy.0 = Debug|Any CPU
		{D877FE78-C11B-4AB5-947B-AAA9F99692AE}.Release|Any CPU.ActiveCfg = Release|Any CPU
		{D877FE78-C11B-4AB5-947B-AAA9F99692AE}.Release|Any CPU.Build.0 = Release|Any CPU
		{D877FE78-C11B-4AB5-947B-AAA9F99692AE}.Release|Any CPU.Deploy.0 = Release|Any CPU
	EndGlobalSection
	GlobalSection(SolutionProperties) = preSolution
		HideSolutionNode = FALSE
	EndGlobalSection
	GlobalSection(ExtensibilityGlobals) = postSolution
		SolutionGuid = {CFB527F5-AC5B-45CE-8D2C-74F7448088D9}
	EndGlobalSection
EndGlobal
